
Microsoft Visual Studio Solution File, Format Version 12.00
# Visual Studio Version 17
VisualStudioVersion = 17.14.36221.1
MinimumVisualStudioVersion = 10.0.40219.1
Project("{FAE04EC0-301F-11D3-BF4B-00C04F79EFBC}") = "EJERCICIO3_ANGEL", "EJERCICIO3_ANGEL.csproj", "{5B3BB025-8587-4D41-B5FD-B16C888B9773}"
EndProject
Project("{FAE04EC0-301F-11D3-BF4B-00C04F79EFBC}") = "EJECICIO1_IVAN", "..\TRABAJO1_IVAN\EJECICIO1_IVAN.csproj", "{A556C8EA-6134-4BF5-8BA9-1A50B8F7231F}"
EndProject
Project("{FAE04EC0-301F-11D3-BF4B-00C04F79EFBC}") = "EJERCICIO5_ALDO", "..\TRABAJO1_ALDO\EJERCICIO5_ALDO.csproj", "{2820CDD4-ADDC-4741-853D-22DEE23986A4}"
EndProject
Project("{FAE04EC0-301F-11D3-BF4B-00C04F79EFBC}") = "EJERCICIO2_RODOLFO", "..\EJERCICIO2_RODOLFO\EJERCICIO2_RODOLFO.csproj", "{13496230-A466-4910-A9B3-B3CE25A8567C}"
EndProject
Project("{FAE04EC0-301F-11D3-BF4B-00C04F79EFBC}") = "EJERCICIO4_ROMEO", "..\EJERCICIO4_ROMEO\EJERCICIO4_ROMEO.csproj", "{637B532C-2B58-4B8A-B9E6-E53D8FE458D3}"
EndProject
Global
	GlobalSection(SolutionConfigurationPlatforms) = preSolution
		Debug|Any CPU = Debug|Any CPU
		Release|Any CPU = Release|Any CPU
	EndGlobalSection
	GlobalSection(ProjectConfigurationPlatforms) = postSolution
		{5B3BB025-8587-4D41-B5FD-B16C888B9773}.Debug|Any CPU.ActiveCfg = Debug|Any CPU
		{5B3BB025-8587-4D41-B5FD-B16C888B9773}.Debug|Any CPU.Build.0 = Debug|Any CPU
		{5B3BB025-8587-4D41-B5FD-B16C888B9773}.Release|Any CPU.ActiveCfg = Release|Any CPU
		{5B3BB025-8587-4D41-B5FD-B16C888B9773}.Release|Any CPU.Build.0 = Release|Any CPU
		{A556C8EA-6134-4BF5-8BA9-1A50B8F7231F}.Debug|Any CPU.ActiveCfg = Debug|Any CPU
		{A556C8EA-6134-4BF5-8BA9-1A50B8F7231F}.Debug|Any CPU.Build.0 = Debug|Any CPU
		{A556C8EA-6134-4BF5-8BA9-1A50B8F7231F}.Release|Any CPU.ActiveCfg = Release|Any CPU
		{A556C8EA-6134-4BF5-8BA9-1A50B8F7231F}.Release|Any CPU.Build.0 = Release|Any CPU
		{2820CDD4-ADDC-4741-853D-22DEE23986A4}.Debug|Any CPU.ActiveCfg = Debug|Any CPU
		{2820CDD4-ADDC-4741-853D-22DEE23986A4}.Debug|Any CPU.Build.0 = Debug|Any CPU
		{2820CDD4-ADDC-4741-853D-22DEE23986A4}.Release|Any CPU.ActiveCfg = Release|Any CPU
		{2820CDD4-ADDC-4741-853D-22DEE23986A4}.Release|Any CPU.Build.0 = Release|Any CPU
		{13496230-A466-4910-A9B3-B3CE25A8567C}.Debug|Any CPU.ActiveCfg = Debug|Any CPU
		{13496230-A466-4910-A9B3-B3CE25A8567C}.Debug|Any CPU.Build.0 = Debug|Any CPU
		{13496230-A466-4910-A9B3-B3CE25A8567C}.Release|Any CPU.ActiveCfg = Release|Any CPU
		{13496230-A466-4910-A9B3-B3CE25A8567C}.Release|Any CPU.Build.0 = Release|Any CPU
		{637B532C-2B58-4B8A-B9E6-E53D8FE458D3}.Debug|Any CPU.ActiveCfg = Debug|Any CPU
		{637B532C-2B58-4B8A-B9E6-E53D8FE458D3}.Debug|Any CPU.Build.0 = Debug|Any CPU
		{637B532C-2B58-4B8A-B9E6-E53D8FE458D3}.Release|Any CPU.ActiveCfg = Release|Any CPU
		{637B532C-2B58-4B8A-B9E6-E53D8FE458D3}.Release|Any CPU.Build.0 = Release|Any CPU
	EndGlobalSection
	GlobalSection(SolutionProperties) = preSolution
		HideSolutionNode = FALSE
	EndGlobalSection
	GlobalSection(ExtensibilityGlobals) = postSolution
		SolutionGuid = {D4CA31F0-9C9A-4E9E-B580-AF9834700AF9}
	EndGlobalSection
EndGlobal
